
Microsoft Visual Studio Solution File, Format Version 12.00
# Visual Studio Version 17
VisualStudioVersion = 17.8.34511.84
MinimumVisualStudioVersion = 10.0.40219.1
Project("{FAE04EC0-301F-11D3-BF4B-00C04F79EFBC}") = "LuckyAnt_VT_ProfitSharing", "LuckyAnt_VT_ProfitSharing.csproj", "{2B74B50D-2FAD-475C-97D0-F4FE5E4CF0E8}"
EndProject
Global
	GlobalSection(SolutionConfigurationPlatforms) = preSolution
		Debug|Any CPU = Debug|Any CPU
		Release|Any CPU = Release|Any CPU
	EndGlobalSection
	GlobalSection(ProjectConfigurationPlatforms) = postSolution
		{2B74B50D-2FAD-475C-97D0-F4FE5E4CF0E8}.Debug|Any CPU.ActiveCfg = Debug|Any CPU
		{2B74B50D-2FAD-475C-97D0-F4FE5E4CF0E8}.Debug|Any CPU.Build.0 = Debug|Any CPU
		{2B74B50D-2FAD-475C-97D0-F4FE5E4CF0E8}.Release|Any CPU.ActiveCfg = Release|Any CPU
		{2B74B50D-2FAD-475C-97D0-F4FE5E4CF0E8}.Release|Any CPU.Build.0 = Release|Any CPU
	EndGlobalSection
	GlobalSection(SolutionProperties) = preSolution
		HideSolutionNode = FALSE
	EndGlobalSection
	GlobalSection(ExtensibilityGlobals) = postSolution
		SolutionGuid = {EAFE46F9-9F09-4244-A4C6-9EE7272B5575}
	EndGlobalSection
EndGlobal
